// !$*UTF8*$!
{
	archiveVersion = 1;
	classes = {
	};
	objectVersion = 46;
	objects = {

/* Begin PBXBuildFile section */
		94CCA003191C773100C3D89F /* Foundation.framework in Frameworks */ = {isa = PBXBuildFile; fileRef = 94CCA002191C773100C3D89F /* Foundation.framework */; };
		94CCA005191C773100C3D89F /* CoreGraphics.framework in Frameworks */ = {isa = PBXBuildFile; fileRef = 94CCA004191C773100C3D89F /* CoreGraphics.framework */; };
		94CCA007191C773100C3D89F /* UIKit.framework in Frameworks */ = {isa = PBXBuildFile; fileRef = 94CCA006191C773100C3D89F /* UIKit.framework */; };
		94CCA00D191C773100C3D89F /* InfoPlist.strings in Resources */ = {isa = PBXBuildFile; fileRef = 94CCA00B191C773100C3D89F /* InfoPlist.strings */; };
		94CCA00F191C773100C3D89F /* main.m in Sources */ = {isa = PBXBuildFile; fileRef = 94CCA00E191C773100C3D89F /* main.m */; };
		94CCA013191C773100C3D89F /* RAppDelegate.m in Sources */ = {isa = PBXBuildFile; fileRef = 94CCA012191C773100C3D89F /* RAppDelegate.m */; };
		94CCA016191C773100C3D89F /* Main.storyboard in Resources */ = {isa = PBXBuildFile; fileRef = 94CCA014191C773100C3D89F /* Main.storyboard */; };
		94CCA019191C773100C3D89F /* RViewController.m in Sources */ = {isa = PBXBuildFile; fileRef = 94CCA018191C773100C3D89F /* RViewController.m */; };
		94CCA01B191C773100C3D89F /* Images.xcassets in Resources */ = {isa = PBXBuildFile; fileRef = 94CCA01A191C773100C3D89F /* Images.xcassets */; };
		94CCA022191C773100C3D89F /* XCTest.framework in Frameworks */ = {isa = PBXBuildFile; fileRef = 94CCA021191C773100C3D89F /* XCTest.framework */; };
		94CCA023191C773100C3D89F /* Foundation.framework in Frameworks */ = {isa = PBXBuildFile; fileRef = 94CCA002191C773100C3D89F /* Foundation.framework */; };
		94CCA024191C773100C3D89F /* UIKit.framework in Frameworks */ = {isa = PBXBuildFile; fileRef = 94CCA006191C773100C3D89F /* UIKit.framework */; };
		94CCA02C191C773100C3D89F /* InfoPlist.strings in Resources */ = {isa = PBXBuildFile; fileRef = 94CCA02A191C773100C3D89F /* InfoPlist.strings */; };
		94CCA02E191C773100C3D89F /* RAirMenuControllerDemo2Tests.m in Sources */ = {isa = PBXBuildFile; fileRef = 94CCA02D191C773100C3D89F /* RAirMenuControllerDemo2Tests.m */; };
/* End PBXBuildFile section */

/* Begin PBXContainerItemProxy section */
		94CCA025191C773100C3D89F /* PBXContainerItemProxy */ = {
			isa = PBXContainerItemProxy;
			containerPortal = 94CC9FF7191C773100C3D89F /* Project object */;
			proxyType = 1;
			remoteGlobalIDString = 94CC9FFE191C773100C3D89F;
			remoteInfo = RAirMenuControllerDemo2;
		};
/* End PBXContainerItemProxy section */

/* Begin PBXFileReference section */
		94CC9FFF191C773100C3D89F /* RAirMenuControllerDemo2.app */ = {isa = PBXFileReference; explicitFileType = wrapper.application; includeInIndex = 0; path = RAirMenuControllerDemo2.app; sourceTree = BUILT_PRODUCTS_DIR; };
		94CCA002191C773100C3D89F /* Foundation.framework */ = {isa = PBXFileReference; lastKnownFileType = wrapper.framework; name = Foundation.framework; path = System/Library/Frameworks/Foundation.framework; sourceTree = SDKROOT; };
		94CCA004191C773100C3D89F /* CoreGraphics.framework */ = {isa = PBXFileReference; lastKnownFileType = wrapper.framework; name = CoreGraphics.framework; path = System/Library/Frameworks/CoreGraphics.framework; sourceTree = SDKROOT; };
		94CCA006191C773100C3D89F /* UIKit.framework */ = {isa = PBXFileReference; lastKnownFileType = wrapper.framework; name = UIKit.framework; path = System/Library/Frameworks/UIKit.framework; sourceTree = SDKROOT; };
		94CCA00A191C773100C3D89F /* RAirMenuControllerDemo2-Info.plist */ = {isa = PBXFileReference; lastKnownFileType = text.plist.xml; path = "RAirMenuControllerDemo2-Info.plist"; sourceTree = "<group>"; };
		94CCA00C191C773100C3D89F /* en */ = {isa = PBXFileReference; lastKnownFileType = text.plist.strings; name = en; path = en.lproj/InfoPlist.strings; sourceTree = "<group>"; };
		94CCA00E191C773100C3D89F /* main.m */ = {isa = PBXFileReference; lastKnownFileType = sourcecode.c.objc; path = main.m; sourceTree = "<group>"; };
		94CCA010191C773100C3D89F /* RAirMenuControllerDemo2-Prefix.pch */ = {isa = PBXFileReference; lastKnownFileType = sourcecode.c.h; path = "RAirMenuControllerDemo2-Prefix.pch"; sourceTree = "<group>"; };
		94CCA011191C773100C3D89F /* RAppDelegate.h */ = {isa = PBXFileReference; lastKnownFileType = sourcecode.c.h; path = RAppDelegate.h; sourceTree = "<group>"; };
		94CCA012191C773100C3D89F /* RAppDelegate.m */ = {isa = PBXFileReference; lastKnownFileType = sourcecode.c.objc; path = RAppDelegate.m; sourceTree = "<group>"; };
		94CCA015191C773100C3D89F /* Base */ = {isa = PBXFileReference; lastKnownFileType = file.storyboard; name = Base; path = Base.lproj/Main.storyboard; sourceTree = "<group>"; };
		94CCA017191C773100C3D89F /* RViewController.h */ = {isa = PBXFileReference; lastKnownFileType = sourcecode.c.h; path = RViewController.h; sourceTree = "<group>"; };
		94CCA018191C773100C3D89F /* RViewController.m */ = {isa = PBXFileReference; lastKnownFileType = sourcecode.c.objc; path = RViewController.m; sourceTree = "<group>"; };
		94CCA01A191C773100C3D89F /* Images.xcassets */ = {isa = PBXFileReference; lastKnownFileType = folder.assetcatalog; path = Images.xcassets; sourceTree = "<group>"; };
		94CCA020191C773100C3D89F /* RAirMenuControllerDemo2Tests.xctest */ = {isa = PBXFileReference; explicitFileType = wrapper.cfbundle; includeInIndex = 0; path = RAirMenuControllerDemo2Tests.xctest; sourceTree = BUILT_PRODUCTS_DIR; };
		94CCA021191C773100C3D89F /* XCTest.framework */ = {isa = PBXFileReference; lastKnownFileType = wrapper.framework; name = XCTest.framework; path = Library/Frameworks/XCTest.framework; sourceTree = DEVELOPER_DIR; };
		94CCA029191C773100C3D89F /* RAirMenuControllerDemo2Tests-Info.plist */ = {isa = PBXFileReference; lastKnownFileType = text.plist.xml; path = "RAirMenuControllerDemo2Tests-Info.plist"; sourceTree = "<group>"; };
		94CCA02B191C773100C3D89F /* en */ = {isa = PBXFileReference; lastKnownFileType = text.plist.strings; name = en; path = en.lproj/InfoPlist.strings; sourceTree = "<group>"; };
		94CCA02D191C773100C3D89F /* RAirMenuControllerDemo2Tests.m */ = {isa = PBXFileReference; lastKnownFileType = sourcecode.c.objc; path = RAirMenuControllerDemo2Tests.m; sourceTree = "<group>"; };
/* End PBXFileReference section */

/* Begin PBXFrameworksBuildPhase section */
		94CC9FFC191C773100C3D89F /* Frameworks */ = {
			isa = PBXFrameworksBuildPhase;
			buildActionMask = 2147483647;
			files = (
				94CCA005191C773100C3D89F /* CoreGraphics.framework in Frameworks */,
				94CCA007191C773100C3D89F /* UIKit.framework in Frameworks */,
				94CCA003191C773100C3D89F /* Foundation.framework in Frameworks */,
			);
			runOnlyForDeploymentPostprocessing = 0;
		};
		94CCA01D191C773100C3D89F /* Frameworks */ = {
			isa = PBXFrameworksBuildPhase;
			buildActionMask = 2147483647;
			files = (
				94CCA022191C773100C3D89F /* XCTest.framework in Frameworks */,
				94CCA024191C773100C3D89F /* UIKit.framework in Frameworks */,
				94CCA023191C773100C3D89F /* Foundation.framework in Frameworks */,
			);
			runOnlyForDeploymentPostprocessing = 0;
		};
/* End PBXFrameworksBuildPhase section */

/* Begin PBXGroup section */
		94CC9FF6191C773100C3D89F = {
			isa = PBXGroup;
			children = (
				94CCA008191C773100C3D89F /* RAirMenuControllerDemo2 */,
				94CCA027191C773100C3D89F /* RAirMenuControllerDemo2Tests */,
				94CCA001191C773100C3D89F /* Frameworks */,
				94CCA000191C773100C3D89F /* Products */,
			);
			sourceTree = "<group>";
		};
		94CCA000191C773100C3D89F /* Products */ = {
			isa = PBXGroup;
			children = (
				94CC9FFF191C773100C3D89F /* RAirMenuControllerDemo2.app */,
				94CCA020191C773100C3D89F /* RAirMenuControllerDemo2Tests.xctest */,
			);
			name = Products;
			sourceTree = "<group>";
		};
		94CCA001191C773100C3D89F /* Frameworks */ = {
			isa = PBXGroup;
			children = (
				94CCA002191C773100C3D89F /* Foundation.framework */,
				94CCA004191C773100C3D89F /* CoreGraphics.framework */,
				94CCA006191C773100C3D89F /* UIKit.framework */,
				94CCA021191C773100C3D89F /* XCTest.framework */,
			);
			name = Frameworks;
			sourceTree = "<group>";
		};
		94CCA008191C773100C3D89F /* RAirMenuControllerDemo2 */ = {
			isa = PBXGroup;
			children = (
				94CCA011191C773100C3D89F /* RAppDelegate.h */,
				94CCA012191C773100C3D89F /* RAppDelegate.m */,
				94CCA014191C773100C3D89F /* Main.storyboard */,
				94CCA017191C773100C3D89F /* RViewController.h */,
				94CCA018191C773100C3D89F /* RViewController.m */,
				94CCA01A191C773100C3D89F /* Images.xcassets */,
				94CCA009191C773100C3D89F /* Supporting Files */,
			);
			path = RAirMenuControllerDemo2;
			sourceTree = "<group>";
		};
		94CCA009191C773100C3D89F /* Supporting Files */ = {
			isa = PBXGroup;
			children = (
				94CCA00A191C773100C3D89F /* RAirMenuControllerDemo2-Info.plist */,
				94CCA00B191C773100C3D89F /* InfoPlist.strings */,
				94CCA00E191C773100C3D89F /* main.m */,
				94CCA010191C773100C3D89F /* RAirMenuControllerDemo2-Prefix.pch */,
			);
			name = "Supporting Files";
			sourceTree = "<group>";
		};
		94CCA027191C773100C3D89F /* RAirMenuControllerDemo2Tests */ = {
			isa = PBXGroup;
			children = (
				94CCA02D191C773100C3D89F /* RAirMenuControllerDemo2Tests.m */,
				94CCA028191C773100C3D89F /* Supporting Files */,
			);
			path = RAirMenuControllerDemo2Tests;
			sourceTree = "<group>";
		};
		94CCA028191C773100C3D89F /* Supporting Files */ = {
			isa = PBXGroup;
			children = (
				94CCA029191C773100C3D89F /* RAirMenuControllerDemo2Tests-Info.plist */,
				94CCA02A191C773100C3D89F /* InfoPlist.strings */,
			);
			name = "Supporting Files";
			sourceTree = "<group>";
		};
/* End PBXGroup section */

/* Begin PBXNativeTarget section */
		94CC9FFE191C773100C3D89F /* RAirMenuControllerDemo2 */ = {
			isa = PBXNativeTarget;
			buildConfigurationList = 94CCA031191C773100C3D89F /* Build configuration list for PBXNativeTarget "RAirMenuControllerDemo2" */;
			buildPhases = (
				94CC9FFB191C773100C3D89F /* Sources */,
				94CC9FFC191C773100C3D89F /* Frameworks */,
				94CC9FFD191C773100C3D89F /* Resources */,
			);
			buildRules = (
			);
			dependencies = (
			);
			name = RAirMenuControllerDemo2;
			productName = RAirMenuControllerDemo2;
			productReference = 94CC9FFF191C773100C3D89F /* RAirMenuControllerDemo2.app */;
			productType = "com.apple.product-type.application";
		};
		94CCA01F191C773100C3D89F /* RAirMenuControllerDemo2Tests */ = {
			isa = PBXNativeTarget;
			buildConfigurationList = 94CCA034191C773100C3D89F /* Build configuration list for PBXNativeTarget "RAirMenuControllerDemo2Tests" */;
			buildPhases = (
				94CCA01C191C773100C3D89F /* Sources */,
				94CCA01D191C773100C3D89F /* Frameworks */,
				94CCA01E191C773100C3D89F /* Resources */,
			);
			buildRules = (
			);
			dependencies = (
				94CCA026191C773100C3D89F /* PBXTargetDependency */,
			);
			name = RAirMenuControllerDemo2Tests;
			productName = RAirMenuControllerDemo2Tests;
			productReference = 94CCA020191C773100C3D89F /* RAirMenuControllerDemo2Tests.xctest */;
			productType = "com.apple.product-type.bundle.unit-test";
		};
/* End PBXNativeTarget section */

/* Begin PBXProject section */
		94CC9FF7191C773100C3D89F /* Project object */ = {
			isa = PBXProject;
			attributes = {
				CLASSPREFIX = R;
				LastUpgradeCheck = 0510;
				ORGANIZATIONNAME = "Ryan Wang";
				TargetAttributes = {
					94CCA01F191C773100C3D89F = {
						TestTargetID = 94CC9FFE191C773100C3D89F;
					};
				};
			};
			buildConfigurationList = 94CC9FFA191C773100C3D89F /* Build configuration list for PBXProject "RAirMenuControllerDemo2" */;
			compatibilityVersion = "Xcode 3.2";
			developmentRegion = English;
			hasScannedForEncodings = 0;
			knownRegions = (
				en,
				Base,
			);
			mainGroup = 94CC9FF6191C773100C3D89F;
			productRefGroup = 94CCA000191C773100C3D89F /* Products */;
			projectDirPath = "";
			projectRoot = "";
			targets = (
				94CC9FFE191C773100C3D89F /* RAirMenuControllerDemo2 */,
				94CCA01F191C773100C3D89F /* RAirMenuControllerDemo2Tests */,
			);
		};
/* End PBXProject section */

/* Begin PBXResourcesBuildPhase section */
		94CC9FFD191C773100C3D89F /* Resources */ = {
			isa = PBXResourcesBuildPhase;
			buildActionMask = 2147483647;
			files = (
				94CCA01B191C773100C3D89F /* Images.xcassets in Resources */,
				94CCA00D191C773100C3D89F /* InfoPlist.strings in Resources */,
				94CCA016191C773100C3D89F /* Main.storyboard in Resources */,
			);
			runOnlyForDeploymentPostprocessing = 0;
		};
		94CCA01E191C773100C3D89F /* Resources */ = {
			isa = PBXResourcesBuildPhase;
			buildActionMask = 2147483647;
			files = (
				94CCA02C191C773100C3D89F /* InfoPlist.strings in Resources */,
			);
			runOnlyForDeploymentPostprocessing = 0;
		};
/* End PBXResourcesBuildPhase section */

/* Begin PBXSourcesBuildPhase section */
		94CC9FFB191C773100C3D89F /* Sources */ = {
			isa = PBXSourcesBuildPhase;
			buildActionMask = 2147483647;
			files = (
				94CCA019191C773100C3D89F /* RViewController.m in Sources */,
				94CCA00F191C773100C3D89F /* main.m in Sources */,
				94CCA013191C773100C3D89F /* RAppDelegate.m in Sources */,
			);
			runOnlyForDeploymentPostprocessing = 0;
		};
		94CCA01C191C773100C3D89F /* Sources */ = {
			isa = PBXSourcesBuildPhase;
			buildActionMask = 2147483647;
			files = (
				94CCA02E191C773100C3D89F /* RAirMenuControllerDemo2Tests.m in Sources */,
			);
			runOnlyForDeploymentPostprocessing = 0;
		};
/* End PBXSourcesBuildPhase section */

/* Begin PBXTargetDependency section */
		94CCA026191C773100C3D89F /* PBXTargetDependency */ = {
			isa = PBXTargetDependency;
			target = 94CC9FFE191C773100C3D89F /* RAirMenuControllerDemo2 */;
			targetProxy = 94CCA025191C773100C3D89F /* PBXContainerItemProxy */;
		};
/* End PBXTargetDependency section */

/* Begin PBXVariantGroup section */
		94CCA00B191C773100C3D89F /* InfoPlist.strings */ = {
			isa = PBXVariantGroup;
			children = (
				94CCA00C191C773100C3D89F /* en */,
			);
			name = InfoPlist.strings;
			sourceTree = "<group>";
		};
		94CCA014191C773100C3D89F /* Main.storyboard */ = {
			isa = PBXVariantGroup;
			children = (
				94CCA015191C773100C3D89F /* Base */,
			);
			name = Main.storyboard;
			sourceTree = "<group>";
		};
		94CCA02A191C773100C3D89F /* InfoPlist.strings */ = {
			isa = PBXVariantGroup;
			children = (
				94CCA02B191C773100C3D89F /* en */,
			);
			name = InfoPlist.strings;
			sourceTree = "<group>";
		};
/* End PBXVariantGroup section */

/* Begin XCBuildConfiguration section */
		94CCA02F191C773100C3D89F /* Debug */ = {
			isa = XCBuildConfiguration;
			buildSettings = {
				ALWAYS_SEARCH_USER_PATHS = NO;
				CLANG_CXX_LANGUAGE_STANDARD = "gnu++0x";
				CLANG_CXX_LIBRARY = "libc++";
				CLANG_ENABLE_MODULES = YES;
				CLANG_ENABLE_OBJC_ARC = YES;
				CLANG_WARN_BOOL_CONVERSION = YES;
				CLANG_WARN_CONSTANT_CONVERSION = YES;
				CLANG_WARN_DIRECT_OBJC_ISA_USAGE = YES_ERROR;
				CLANG_WARN_EMPTY_BODY = YES;
				CLANG_WARN_ENUM_CONVERSION = YES;
				CLANG_WARN_INT_CONVERSION = YES;
				CLANG_WARN_OBJC_ROOT_CLASS = YES_ERROR;
				CLANG_WARN__DUPLICATE_METHOD_MATCH = YES;
				"CODE_SIGN_IDENTITY[sdk=iphoneos*]" = "iPhone Developer";
				COPY_PHASE_STRIP = NO;
				GCC_C_LANGUAGE_STANDARD = gnu99;
				GCC_DYNAMIC_NO_PIC = NO;
				GCC_OPTIMIZATION_LEVEL = 0;
				GCC_PREPROCESSOR_DEFINITIONS = (
					"DEBUG=1",
					"$(inherited)",
				);
				GCC_SYMBOLS_PRIVATE_EXTERN = NO;
				GCC_WARN_64_TO_32_BIT_CONVERSION = YES;
				GCC_WARN_ABOUT_RETURN_TYPE = YES_ERROR;
				GCC_WARN_UNDECLARED_SELECTOR = YES;
				GCC_WARN_UNINITIALIZED_AUTOS = YES_AGGRESSIVE;
				GCC_WARN_UNUSED_FUNCTION = YES;
				GCC_WARN_UNUSED_VARIABLE = YES;
				IPHONEOS_DEPLOYMENT_TARGET = 7.1;
				ONLY_ACTIVE_ARCH = YES;
				SDKROOT = iphoneos;
			};
			name = Debug;
		};
		94CCA030191C773100C3D89F /* Release */ = {
			isa = XCBuildConfiguration;
			buildSettings = {
				ALWAYS_SEARCH_USER_PATHS = NO;
				CLANG_CXX_LANGUAGE_STANDARD = "gnu++0x";
				CLANG_CXX_LIBRARY = "libc++";
				CLANG_ENABLE_MODULES = YES;
				CLANG_ENABLE_OBJC_ARC = YES;
				CLANG_WARN_BOOL_CONVERSION = YES;
				CLANG_WARN_CONSTANT_CONVERSION = YES;
				CLANG_WARN_DIRECT_OBJC_ISA_USAGE = YES_ERROR;
				CLANG_WARN_EMPTY_BODY = YES;
				CLANG_WARN_ENUM_CONVERSION = YES;
				CLANG_WARN_INT_CONVERSION = YES;
				CLANG_WARN_OBJC_ROOT_CLASS = YES_ERROR;
				CLANG_WARN__DUPLICATE_METHOD_MATCH = YES;
				"CODE_SIGN_IDENTITY[sdk=iphoneos*]" = "iPhone Developer";
				COPY_PHASE_STRIP = YES;
				ENABLE_NS_ASSERTIONS = NO;
				GCC_C_LANGUAGE_STANDARD = gnu99;
				GCC_WARN_64_TO_32_BIT_CONVERSION = YES;
				GCC_WARN_ABOUT_RETURN_TYPE = YES_ERROR;
				GCC_WARN_UNDECLARED_SELECTOR = YES;
				GCC_WARN_UNINITIALIZED_AUTOS = YES_AGGRESSIVE;
				GCC_WARN_UNUSED_FUNCTION = YES;
				GCC_WARN_UNUSED_VARIABLE = YES;
				IPHONEOS_DEPLOYMENT_TARGET = 7.1;
				SDKROOT = iphoneos;
				VALIDATE_PRODUCT = YES;
			};
			name = Release;
		};
		94CCA032191C773100C3D89F /* Debug */ = {
			isa = XCBuildConfiguration;
			buildSettings = {
				ASSETCATALOG_COMPILER_APPICON_NAME = AppIcon;
				ASSETCATALOG_COMPILER_LAUNCHIMAGE_NAME = LaunchImage;
				GCC_PRECOMPILE_PREFIX_HEADER = YES;
				GCC_PREFIX_HEADER = "RAirMenuControllerDemo2/RAirMenuControllerDemo2-Prefix.pch";
				INFOPLIST_FILE = "RAirMenuControllerDemo2/RAirMenuControllerDemo2-Info.plist";
				PRODUCT_NAME = "$(TARGET_NAME)";
				WRAPPER_EXTENSION = app;
			};
			name = Debug;
		};
		94CCA033191C773100C3D89F /* Release */ = {
			isa = XCBuildConfiguration;
			buildSettings = {
				ASSETCATALOG_COMPILER_APPICON_NAME = AppIcon;
				ASSETCATALOG_COMPILER_LAUNCHIMAGE_NAME = LaunchImage;
				GCC_PRECOMPILE_PREFIX_HEADER = YES;
				GCC_PREFIX_HEADER = "RAirMenuControllerDemo2/RAirMenuControllerDemo2-Prefix.pch";
				INFOPLIST_FILE = "RAirMenuControllerDemo2/RAirMenuControllerDemo2-Info.plist";
				PRODUCT_NAME = "$(TARGET_NAME)";
				WRAPPER_EXTENSION = app;
			};
			name = Release;
		};
		94CCA035191C773100C3D89F /* Debug */ = {
			isa = XCBuildConfiguration;
			buildSettings = {
				BUNDLE_LOADER = "$(BUILT_PRODUCTS_DIR)/RAirMenuControllerDemo2.app/RAirMenuControllerDemo2";
				FRAMEWORK_SEARCH_PATHS = (
					"$(SDKROOT)/Developer/Library/Frameworks",
					"$(inherited)",
					"$(DEVELOPER_FRAMEWORKS_DIR)",
				);
				GCC_PRECOMPILE_PREFIX_HEADER = YES;
				GCC_PREFIX_HEADER = "RAirMenuControllerDemo2/RAirMenuControllerDemo2-Prefix.pch";
				GCC_PREPROCESSOR_DEFINITIONS = (
					"DEBUG=1",
					"$(inherited)",
				);
				INFOPLIST_FILE = "RAirMenuControllerDemo2Tests/RAirMenuControllerDemo2Tests-Info.plist";
				PRODUCT_NAME = "$(TARGET_NAME)";
				TEST_HOST = "$(BUNDLE_LOADER)";
				WRAPPER_EXTENSION = xctest;
			};
			name = Debug;
		};
		94CCA036191C773100C3D89F /* Release */ = {
			isa = XCBuildConfiguration;
			buildSettings = {
				BUNDLE_LOADER = "$(BUILT_PRODUCTS_DIR)/RAirMenuControllerDemo2.app/RAirMenuControllerDemo2";
				FRAMEWORK_SEARCH_PATHS = (
					"$(SDKROOT)/Developer/Library/Frameworks",
					"$(inherited)",
					"$(DEVELOPER_FRAMEWORKS_DIR)",
				);
				GCC_PRECOMPILE_PREFIX_HEADER = YES;
				GCC_PREFIX_HEADER = "RAirMenuControllerDemo2/RAirMenuControllerDemo2-Prefix.pch";
				INFOPLIST_FILE = "RAirMenuControllerDemo2Tests/RAirMenuControllerDemo2Tests-Info.plist";
				PRODUCT_NAME = "$(TARGET_NAME)";
				TEST_HOST = "$(BUNDLE_LOADER)";
				WRAPPER_EXTENSION = xctest;
			};
			name = Release;
		};
/* End XCBuildConfiguration section */

/* Begin XCConfigurationList section */
		94CC9FFA191C773100C3D89F /* Build configuration list for PBXProject "RAirMenuControllerDemo2" */ = {
			isa = XCConfigurationList;
			buildConfigurations = (
				94CCA02F191C773100C3D89F /* Debug */,
				94CCA030191C773100C3D89F /* Release */,
			);
			defaultConfigurationIsVisible = 0;
			defaultConfigurationName = Release;
		};
		94CCA031191C773100C3D89F /* Build configuration list for PBXNativeTarget "RAirMenuControllerDemo2" */ = {
			isa = XCConfigurationList;
			buildConfigurations = (
				94CCA032191C773100C3D89F /* Debug */,
				94CCA033191C773100C3D89F /* Release */,
			);
			defaultConfigurationIsVisible = 0;
		};
		94CCA034191C773100C3D89F /* Build configuration list for PBXNativeTarget "RAirMenuControllerDemo2Tests" */ = {
			isa = XCConfigurationList;
			buildConfigurations = (
				94CCA035191C773100C3D89F /* Debug */,
				94CCA036191C773100C3D89F /* Release */,
			);
			defaultConfigurationIsVisible = 0;
		};
/* End XCConfigurationList section */
	};
	rootObject = 94CC9FF7191C773100C3D89F /* Project object */;
}
